
Microsoft Visual Studio Solution File, Format Version 12.00
# Visual Studio 15
Project("{FAE04EC0-301F-11D3-BF4B-00C04F79EFBC}") = "BriskLib", "BriskLib.csproj", "{F96F41DF-26F7-40FD-8A27-F84DE1DFFBBB}"
EndProject
Global
	GlobalSection(SolutionConfigurationPlatforms) = preSolution
		Debug|Any CPU = Debug|Any CPU
		Release|Any CPU = Release|Any CPU
	EndGlobalSection
	GlobalSection(ProjectConfigurationPlatforms) = postSolution
		{F96F41DF-26F7-40FD-8A27-F84DE1DFFBBB}.Debug|Any CPU.ActiveCfg = Debug|Any CPU
		{F96F41DF-26F7-40FD-8A27-F84DE1DFFBBB}.Debug|Any CPU.Build.0 = Debug|Any CPU
		{F96F41DF-26F7-40FD-8A27-F84DE1DFFBBB}.Release|Any CPU.ActiveCfg = Release|Any CPU
		{F96F41DF-26F7-40FD-8A27-F84DE1DFFBBB}.Release|Any CPU.Build.0 = Release|Any CPU
	EndGlobalSection
EndGlobal
